{
  "name": "telegram-bot",
  "version": "1.0.0",
  "lockfileVersion": 2,
  "requires": true,
  "packages": {
    "": {
      "name": "telegram-bot",
      "version": "1.0.0",
      "dependencies": {
        "node-telegram-bot-api": "^0.60.0",
        "luxon": "^3.0.0"
      },
      "engines": {
        "node": ">=16.0.0"
      }
    },
    "node_modules/luxon": {
      "version": "3.0.0",
      "engines": {
        "node": ">=12.0.0"
      }
    },
    "node_modules/node-telegram-bot-api": {
      "version": "0.60.0",
      "engines": {
        "node": ">=12.0.0"
      }
    }
  }
}
